
Microsoft Visual Studio Solution File, Format Version 12.00
# Visual Studio 15
VisualStudioVersion = 15.0.27130.2010
MinimumVisualStudioVersion = 10.0.40219.1
Project("{FAE04EC0-301F-11D3-BF4B-00C04F79EFBC}") = "MDIFormDenemesi", "MDIFormDenemesi\MDIFormDenemesi.csproj", "{6DF16C9A-2732-4327-92C6-B30AB75FBD82}"
EndProject
Project("{FAE04EC0-301F-11D3-BF4B-00C04F79EFBC}") = "UnitTestProject1", "UnitTestProject1\UnitTestProject1.csproj", "{D94F93DE-DB4D-474E-B4C3-4F34C12ADA70}"
EndProject
Global
	GlobalSection(SolutionConfigurationPlatforms) = preSolution
		Debug|Any CPU = Debug|Any CPU
		Release|Any CPU = Release|Any CPU
	EndGlobalSection
	GlobalSection(ProjectConfigurationPlatforms) = postSolution
		{6DF16C9A-2732-4327-92C6-B30AB75FBD82}.Debug|Any CPU.ActiveCfg = Debug|Any CPU
		{6DF16C9A-2732-4327-92C6-B30AB75FBD82}.Debug|Any CPU.Build.0 = Debug|Any CPU
		{6DF16C9A-2732-4327-92C6-B30AB75FBD82}.Release|Any CPU.ActiveCfg = Release|Any CPU
		{6DF16C9A-2732-4327-92C6-B30AB75FBD82}.Release|Any CPU.Build.0 = Release|Any CPU
		{D94F93DE-DB4D-474E-B4C3-4F34C12ADA70}.Debug|Any CPU.ActiveCfg = Debug|Any CPU
		{D94F93DE-DB4D-474E-B4C3-4F34C12ADA70}.Debug|Any CPU.Build.0 = Debug|Any CPU
		{D94F93DE-DB4D-474E-B4C3-4F34C12ADA70}.Release|Any CPU.ActiveCfg = Release|Any CPU
		{D94F93DE-DB4D-474E-B4C3-4F34C12ADA70}.Release|Any CPU.Build.0 = Release|Any CPU
	EndGlobalSection
	GlobalSection(SolutionProperties) = preSolution
		HideSolutionNode = FALSE
	EndGlobalSection
	GlobalSection(ExtensibilityGlobals) = postSolution
		SolutionGuid = {6AFE8D77-CE1A-4B29-A6B1-F07C6A4E9B60}
	EndGlobalSection
EndGlobal
